version = 1
revision = 3
requires-python = ">=3.12"

[[package]]
name = "click"
version = "8.4.2"
source = { registry = "https://pypi.org/simple" }
dependencies = [
    { name = "colorama", marker = "sys_platform == 'win32'" },
]
sdist = { url = "https://files.pythonhosted.org/packages/76/d4/81420972a676e8ffea40450d8c8c92943e7218a78fe9b64359836cc9876b/click-8.4.2.tar.gz", hash = "sha256:9a6cea6e60b17ebe0a44c5cc636d94f09bd66142c1cd7d8b4cd731c4917a15f6", size = 338000, upload-time = "2026-06-24T17:45:15.148Z" }
wheels = [
    { url = "https://files.pythonhosted.org/packages/fb/e2/79c688af8b210d232694e31e59da9f6ec747bae31c3f5946e4e9b98860d5/click-8.4.2-py3-none-any.whl", hash = "sha256:e6f9f66136c816745b9d65817da91d61d957fb16e02e4dcd0552553c5a197b76", size = 119243, upload-time = "2026-06-24T17:45:13.73Z" },
]

[[package]]
name = "colorama"
version = "0.4.6"
source = { registry = "https://pypi.org/simple" }
sdist = { url = "https://files.pythonhosted.org/packages/d8/53/6f443c9a4a8358a93a6792e2acffb9d9d5cb0a5cfd8802644b7b1c9a02e4/colorama-0.4.6.tar.gz", hash = "sha256:08695f5cb7ed6e0531a20572697297273c47b8cae5a63ffc6d6ed5c201be6e44", size = 27697, upload-time = "2022-10-25T02:36:22.414Z" }
wheels = [
    { url = "https://files.pythonhosted.org/packages/d1/d6/3965ed04c63042e047cb6a3e6ed1a63a35087b6a609aa3a15ed8ac56c221/colorama-0.4.6-py2.py3-none-any.whl", hash = "sha256:4f1d9991f5acc0ca119f9d443620b77f9d6b33703e51011c16baf57afb285fc6", size = 25335, upload-time = "2022-10-25T02:36:20.889Z" },
]

[[package]]
name = "cutler"
version = "0.1.0"
source = { editable = "." }
dependencies = [
    { name = "click" },
    { name = "ffmpeg-python" },
    { name = "py-nickel" },
    { name = "rich" },
]

[package.metadata]
requires-dist = [
    { name = "click" },
    { name = "ffmpeg-python" },
    { name = "py-nickel" },
    { name = "rich" },
]

[[package]]
name = "ffmpeg-python"
version = "0.2.0"
source = { registry = "https://pypi.org/simple" }
dependencies = [
    { name = "future" },
]
sdist = { url = "https://files.pythonhosted.org/packages/dd/5e/d5f9105d59c1325759d838af4e973695081fbbc97182baf73afc78dec266/ffmpeg-python-0.2.0.tar.gz", hash = "sha256:65225db34627c578ef0e11c8b1eb528bb35e024752f6f10b78c011f6f64c4127", size = 21543, upload-time = "2019-07-06T00:19:08.989Z" }
wheels = [
    { url = "https://files.pythonhosted.org/packages/d7/0c/56be52741f75bad4dc6555991fabd2e07b432d333da82c11ad701123888a/ffmpeg_python-0.2.0-py3-none-any.whl", hash = "sha256:ac441a0404e053f8b6a1113a77c0f452f1cfc62f6344a769475ffdc0f56c23c5", size = 25024, upload-time = "2019-07-06T00:19:07.215Z" },
]

[[package]]
name = "future"
version = "1.0.0"
source = { registry = "https://pypi.org/simple" }
sdist = { url = "https://files.pythonhosted.org/packages/a7/b2/4140c69c6a66432916b26158687e821ba631a4c9273c474343badf84d3ba/future-1.0.0.tar.gz", hash = "sha256:bd2968309307861edae1458a4f8a4f3598c03be43b97521076aebf5d94c07b05", size = 1228490, upload-time = "2024-02-21T11:52:38.461Z" }
wheels = [
    { url = "https://files.pythonhosted.org/packages/da/71/ae30dadffc90b9006d77af76b393cb9dfbfc9629f339fc1574a1c52e6806/future-1.0.0-py3-none-any.whl", hash = "sha256:929292d34f5872e70396626ef385ec22355a1fae8ad29e1a734c3e43f9fbc216", size = 491326, upload-time = "2024-02-21T11:52:35.956Z" },
]

[[package]]
name = "markdown-it-py"
version = "4.2.0"
source = { registry = "https://pypi.org/simple" }
dependencies = [
    { name = "mdurl" },
]
sdist = { url = "https://files.pythonhosted.org/packages/06/ff/7841249c247aa650a76b9ee4bbaeae59370dc8bfd2f6c01f3630c35eb134/markdown_it_py-4.2.0.tar.gz", hash = "sha256:04a21681d6fbb623de53f6f364d352309d4094dd4194040a10fd51833e418d49", size = 82454, upload-time = "2026-05-07T12:08:28.36Z" }
wheels = [
    { url = "https://files.pythonhosted.org/packages/b3/81/4da04ced5a082363ecfa159c010d200ecbd959ae410c10c0264a38cac0f5/markdown_it_py-4.2.0-py3-none-any.whl", hash = "sha256:9f7ebbcd14fe59494226453aed97c1070d83f8d24b6fc3a3bcf9a38092641c4a", size = 91687, upload-time = "2026-05-07T12:08:27.182Z" },
]

[[package]]
name = "mdurl"
version = "0.1.2"
source = { registry = "https://pypi.org/simple" }
sdist = { url = "https://files.pythonhosted.org/packages/d6/54/cfe61301667036ec958cb99bd3efefba235e65cdeb9c84d24a8293ba1d90/mdurl-0.1.2.tar.gz", hash = "sha256:bb413d29f5eea38f31dd4754dd7377d4465116fb207585f97bf925588687c1ba", size = 8729, upload-time = "2022-08-14T12:40:10.846Z" }
wheels = [
    { url = "https://files.pythonhosted.org/packages/b3/38/89ba8ad64ae25be8de66a6d463314cf1eb366222074cfda9ee839c56a4b4/mdurl-0.1.2-py3-none-any.whl", hash = "sha256:84008a41e51615a49fc9966191ff91509e3c40b939176e643fd50a5c2196b8f8", size = 9979, upload-time = "2022-08-14T12:40:09.779Z" },
]

[[package]]
name = "py-nickel"
version = "1.17.0"
source = { registry = "https://pypi.org/simple" }
sdist = { url = "https://files.pythonhosted.org/packages/50/52/66cc9724668d3a3cce89673833b9cba40c13ead3d07cc8e93e889a678fe7/py_nickel-1.17.0.tar.gz", hash = "sha256:a239c77bb640c9504d3a9099ed7839c4bdfd3a424e0d1fd3a4ed066830496ca3", size = 760175, upload-time = "2026-06-09T21:29:13.696Z" }
wheels = [
    { url = "https://files.pythonhosted.org/packages/92/28/4e7a98ed1a3c520ddaa9789cf19e1aeacaee6d4b17acb1d7d54f699597c2/py_nickel-1.17.0-cp312-cp312-macosx_10_12_x86_64.whl", hash = "sha256:8fe8b7a38016de9f1e8d98b50960acd295a8b9c80c857227d698ff55cc3dc8af", size = 4393144, upload-time = "2026-06-09T21:28:50.107Z" },
    { url = "https://files.pythonhosted.org/packages/d7/f6/52c5ecfd1592686608db3935ef8d2efb4dd1ac82e3054aea267c394a8134/py_nickel-1.17.0-cp312-cp312-macosx_11_0_arm64.whl", hash = "sha256:f474051e9ff3a2d34151a1cce34ea24334c1539812c9be031620048f2fe337eb", size = 4089770, upload-time = "2026-06-09T21:28:51.632Z" },
    { url = "https://files.pythonhosted.org/packages/5b/8d/a77efd2f3f9e4f2c90153c0ad55ecee9393dbbe4305f5b872dcbffc9c7e4/py_nickel-1.17.0-cp312-cp312-manylinux_2_17_aarch64.manylinux2014_aarch64.whl", hash = "sha256:34b65e65ce0b06763fb61c9119104ab7e1c6a07cc0683d9f5f6467f9539386d8", size = 4210060, upload-time = "2026-06-09T21:28:53.535Z" },
    { url = "https://files.pythonhosted.org/packages/38/ff/622df7abe55bb353eaf2dcf3e04b0e6d5ac0367a1ec3450a495ed9a9fe9c/py_nickel-1.17.0-cp312-cp312-manylinux_2_17_x86_64.manylinux2014_x86_64.whl", hash = "sha256:b0ee243c63ba0677fb4722923476420609175b4acc0b545f79d9fb895ca815fb", size = 4456722, upload-time = "2026-06-09T21:28:55.148Z" },
    { url = "https://files.pythonhosted.org/packages/97/31/a5e4629d0a0b064a0a21e0d0c9b4e57a027dbccd55a6a64125029342c1d0/py_nickel-1.17.0-cp312-cp312-musllinux_1_2_aarch64.whl", hash = "sha256:220092879ce2376b69397dd38de221725a1637412fa7de85b283b3f0069b98c4", size = 4389063, upload-time = "2026-06-09T21:28:56.838Z" },
    { url = "https://files.pythonhosted.org/packages/fa/d9/a80ecc9275c9b37a4c2f9b9f4282b3bdb709a8e55315a1f17cc03f4f8298/py_nickel-1.17.0-cp312-cp312-musllinux_1_2_x86_64.whl", hash = "sha256:9e1fcbeae3f7dd76b55bfabf81d7cf9fca4fbf9d0df42049f005f0f4f5682cdc", size = 4665140, upload-time = "2026-06-09T21:28:58.615Z" },
    { url = "https://files.pythonhosted.org/packages/26/69/0a29510a8666e0be40e1e6bb39b87ab0cde053834106be97431f8549c103/py_nickel-1.17.0-cp312-cp312-win_amd64.whl", hash = "sha256:68271122cf3892b5d3845249e5aa4e6dbabbc92803c6f3cd174fa59812ed90ba", size = 4770453, upload-time = "2026-06-09T21:29:00.271Z" },
    { url = "https://files.pythonhosted.org/packages/73/1f/a7462f50d7d47ef7582f3812bd288642cc0ec071396df3118ace0b359e96/py_nickel-1.17.0-cp313-cp313-macosx_10_12_x86_64.whl", hash = "sha256:e41b4496fb0b301b7173269de02e51aaf7a420b6d044d162981fca7204be6e25", size = 4393159, upload-time = "2026-06-09T21:29:01.998Z" },
    { url = "https://files.pythonhosted.org/packages/5d/7a/5d18bba79a65e204edce7b97406a045dfe2f08d6dc3b04ccb4ff4e2cee57/py_nickel-1.17.0-cp313-cp313-macosx_11_0_arm64.whl", hash = "sha256:4b238f15f21b7ebe683f07c22a3fbcf3c2a9996f272bd5b69a68f85b9ca611cc", size = 4089852, upload-time = "2026-06-09T21:29:03.729Z" },
    { url = "https://files.pythonhosted.org/packages/20/e0/8435b902229d7f38e92af18f0f28e7b10e300dd6d1ad29d331fa02afd65d/py_nickel-1.17.0-cp313-cp313-manylinux_2_17_aarch64.manylinux2014_aarch64.whl", hash = "sha256:5c2429613c719f13413a366b759a311e7b251e1c38de5fbe387f39117700d7b9", size = 4210255, upload-time = "2026-06-09T21:29:05.258Z" },
    { url = "https://files.pythonhosted.org/packages/3e/5d/0a6dff4238e957ce7739691ad6f82a0b8bfb63a7475e844e656b43bee32a/py_nickel-1.17.0-cp313-cp313-manylinux_2_17_x86_64.manylinux2014_x86_64.whl", hash = "sha256:205aa64f4fc3e7646e58b1fc58faff79f434cf6c93995e82cca28160d7210498", size = 4456640, upload-time = "2026-06-09T21:29:06.948Z" },
    { url = "https://files.pythonhosted.org/packages/ef/d5/9f28925cad1521da560b0dae235dbda8072a79bf5954797674f54ef190ce/py_nickel-1.17.0-cp313-cp313-musllinux_1_2_aarch64.whl", hash = "sha256:6417f24bc56b575d8157fac45dee2fc595734a37f059013e9b74c15239b8d13d", size = 4388662, upload-time = "2026-06-09T21:29:08.607Z" },
    { url = "https://files.pythonhosted.org/packages/1b/cc/7310877f8c2797da2f208dbc3d696b9c42edc69fb5ecb6c78b050ae24013/py_nickel-1.17.0-cp313-cp313-musllinux_1_2_x86_64.whl", hash = "sha256:456d9acc53405dcaad361ffec28700969fa125bffca50727e914a911114a5154", size = 4665024, upload-time = "2026-06-09T21:29:10.331Z" },
    { url = "https://files.pythonhosted.org/packages/42/03/00484dfd3d314f0c5b6566cebeed6e5490615e2bb80de4fe31948cbbaf65/py_nickel-1.17.0-cp313-cp313-win_amd64.whl", hash = "sha256:412e126e523002facd39c4d4442d2ec4c67084b2d05285ac97be50d52ec4103c", size = 4770630, upload-time = "2026-06-09T21:29:12.221Z" },
]

[[package]]
name = "pygments"
version = "2.20.0"
source = { registry = "https://pypi.org/simple" }
sdist = { url = "https://files.pythonhosted.org/packages/c3/b2/bc9c9196916376152d655522fdcebac55e66de6603a76a02bca1b6414f6c/pygments-2.20.0.tar.gz", hash = "sha256:6757cd03768053ff99f3039c1a36d6c0aa0b263438fcab17520b30a303a82b5f", size = 4955991, upload-time = "2026-03-29T13:29:33.898Z" }
wheels = [
    { url = "https://files.pythonhosted.org/packages/f4/7e/a72dd26f3b0f4f2bf1dd8923c85f7ceb43172af56d63c7383eb62b332364/pygments-2.20.0-py3-none-any.whl", hash = "sha256:81a9e26dd42fd28a23a2d169d86d7ac03b46e2f8b59ed4698fb4785f946d0176", size = 1231151, upload-time = "2026-03-29T13:29:30.038Z" },
]

[[package]]
name = "rich"
version = "15.0.0"
source = { registry = "https://pypi.org/simple" }
dependencies = [
    { name = "markdown-it-py" },
    { name = "pygments" },
]
sdist = { url = "https://files.pythonhosted.org/packages/c0/8f/0722ca900cc807c13a6a0c696dacf35430f72e0ec571c4275d2371fca3e9/rich-15.0.0.tar.gz", hash = "sha256:edd07a4824c6b40189fb7ac9bc4c52536e9780fbbfbddf6f1e2502c31b068c36", size = 230680, upload-time = "2026-04-12T08:24:00.75Z" }
wheels = [
    { url = "https://files.pythonhosted.org/packages/82/3b/64d4899d73f91ba49a8c18a8ff3f0ea8f1c1d75481760df8c68ef5235bf5/rich-15.0.0-py3-none-any.whl", hash = "sha256:33bd4ef74232fb73fe9279a257718407f169c09b78a87ad3d296f548e27de0bb", size = 310654, upload-time = "2026-04-12T08:24:02.83Z" },
]
